
Microsoft Visual Studio Solution File, Format Version 12.00
# Visual Studio Version 17
VisualStudioVersion = 17.0.32014.148
MinimumVisualStudioVersion = 10.0.40219.1
Project("{9A19103F-16F7-4668-BE54-9A1E7A4F7556}") = "Domain", "TradeMatchingEngine\Domain.csproj", "{F69D756C-BA74-49AF-A8E6-F2E7144CB67F}"
EndProject
Project("{9A19103F-16F7-4668-BE54-9A1E7A4F7556}") = "TradeMathingEngine.Tests", "TestProject1\TradeMathingEngine.Tests.csproj", "{ECF8369D-5606-41AF-82EC-C3A0DA8FA4CB}"
EndProject
Project("{9A19103F-16F7-4668-BE54-9A1E7A4F7556}") = "Infrastructure", "Repository\Infrastructure.csproj", "{A1106323-FF28-4B80-A5DF-E03F1220B305}"
EndProject
Project("{9A19103F-16F7-4668-BE54-9A1E7A4F7556}") = "Application", "Application\Application.csproj", "{D88F5A64-4F85-4AF4-AA98-0BFFD11ACBA1}"
EndProject
Project("{2150E333-8FDC-42A3-9474-1A3956D46DE8}") = "Tests", "Tests", "{D9E0162A-AEA9-4244-8C70-FE9602958770}"
EndProject
Project("{9A19103F-16F7-4668-BE54-9A1E7A4F7556}") = "EndPoints", "EndPoints\EndPoints.csproj", "{D5769852-3F84-4C92-BA7A-6BCE7A2FD259}"
EndProject
Project("{9A19103F-16F7-4668-BE54-9A1E7A4F7556}") = "SpecFlowTest", "SpecFlowTest\SpecFlowTest.csproj", "{9CC430D6-282D-44CD-956D-E8A413DC4F1F}"
EndProject
Project("{9A19103F-16F7-4668-BE54-9A1E7A4F7556}") = "Application.Tests", "Application.Tests\Application.Tests.csproj", "{87A4A033-BDA2-45A5-9906-513C7B4937BE}"
EndProject
Project("{2150E333-8FDC-42A3-9474-1A3956D46DE8}") = "SRC", "SRC", "{2241B221-97DB-4FD0-BC99-835752483B67}"
EndProject
Project("{2150E333-8FDC-42A3-9474-1A3956D46DE8}") = "01.Domain", "01.Domain", "{910B2712-8E6F-48A5-BA66-66BDC2C749F8}"
EndProject
Project("{2150E333-8FDC-42A3-9474-1A3956D46DE8}") = "02.Application", "02.Application", "{84329916-E5F0-4D70-80E8-7DC0E8E34346}"
EndProject
Project("{2150E333-8FDC-42A3-9474-1A3956D46DE8}") = "03Infrastructure", "03Infrastructure", "{FB3AB120-121B-40AB-A53E-6ED4134E883B}"
EndProject
Project("{2150E333-8FDC-42A3-9474-1A3956D46DE8}") = "04Endpoint", "04Endpoint", "{63558B21-EC04-4431-8BEA-C349F2FF3CFD}"
EndProject
Project("{FAE04EC0-301F-11D3-BF4B-00C04F79EFBC}") = "Infrastructure.Test", "Infrastructure.Test\Infrastructure.Test.csproj", "{0E95F6D4-D805-4C17-8A75-1A426D426F78}"
EndProject
Global
	GlobalSection(SolutionConfigurationPlatforms) = preSolution
		Debug|Any CPU = Debug|Any CPU
		Release|Any CPU = Release|Any CPU
	EndGlobalSection
	GlobalSection(ProjectConfigurationPlatforms) = postSolution
		{F69D756C-BA74-49AF-A8E6-F2E7144CB67F}.Debug|Any CPU.ActiveCfg = Debug|Any CPU
		{F69D756C-BA74-49AF-A8E6-F2E7144CB67F}.Debug|Any CPU.Build.0 = Debug|Any CPU
		{F69D756C-BA74-49AF-A8E6-F2E7144CB67F}.Release|Any CPU.ActiveCfg = Release|Any CPU
		{F69D756C-BA74-49AF-A8E6-F2E7144CB67F}.Release|Any CPU.Build.0 = Release|Any CPU
		{ECF8369D-5606-41AF-82EC-C3A0DA8FA4CB}.Debug|Any CPU.ActiveCfg = Debug|Any CPU
		{ECF8369D-5606-41AF-82EC-C3A0DA8FA4CB}.Debug|Any CPU.Build.0 = Debug|Any CPU
		{ECF8369D-5606-41AF-82EC-C3A0DA8FA4CB}.Release|Any CPU.ActiveCfg = Release|Any CPU
		{ECF8369D-5606-41AF-82EC-C3A0DA8FA4CB}.Release|Any CPU.Build.0 = Release|Any CPU
		{A1106323-FF28-4B80-A5DF-E03F1220B305}.Debug|Any CPU.ActiveCfg = Debug|Any CPU
		{A1106323-FF28-4B80-A5DF-E03F1220B305}.Debug|Any CPU.Build.0 = Debug|Any CPU
		{A1106323-FF28-4B80-A5DF-E03F1220B305}.Release|Any CPU.ActiveCfg = Release|Any CPU
		{A1106323-FF28-4B80-A5DF-E03F1220B305}.Release|Any CPU.Build.0 = Release|Any CPU
		{D88F5A64-4F85-4AF4-AA98-0BFFD11ACBA1}.Debug|Any CPU.ActiveCfg = Debug|Any CPU
		{D88F5A64-4F85-4AF4-AA98-0BFFD11ACBA1}.Debug|Any CPU.Build.0 = Debug|Any CPU
		{D88F5A64-4F85-4AF4-AA98-0BFFD11ACBA1}.Release|Any CPU.ActiveCfg = Release|Any CPU
		{D88F5A64-4F85-4AF4-AA98-0BFFD11ACBA1}.Release|Any CPU.Build.0 = Release|Any CPU
		{D5769852-3F84-4C92-BA7A-6BCE7A2FD259}.Debug|Any CPU.ActiveCfg = Debug|Any CPU
		{D5769852-3F84-4C92-BA7A-6BCE7A2FD259}.Debug|Any CPU.Build.0 = Debug|Any CPU
		{D5769852-3F84-4C92-BA7A-6BCE7A2FD259}.Release|Any CPU.ActiveCfg = Release|Any CPU
		{D5769852-3F84-4C92-BA7A-6BCE7A2FD259}.Release|Any CPU.Build.0 = Release|Any CPU
		{9CC430D6-282D-44CD-956D-E8A413DC4F1F}.Debug|Any CPU.ActiveCfg = Debug|Any CPU
		{9CC430D6-282D-44CD-956D-E8A413DC4F1F}.Debug|Any CPU.Build.0 = Debug|Any CPU
		{9CC430D6-282D-44CD-956D-E8A413DC4F1F}.Release|Any CPU.ActiveCfg = Release|Any CPU
		{9CC430D6-282D-44CD-956D-E8A413DC4F1F}.Release|Any CPU.Build.0 = Release|Any CPU
		{87A4A033-BDA2-45A5-9906-513C7B4937BE}.Debug|Any CPU.ActiveCfg = Debug|Any CPU
		{87A4A033-BDA2-45A5-9906-513C7B4937BE}.Debug|Any CPU.Build.0 = Debug|Any CPU
		{87A4A033-BDA2-45A5-9906-513C7B4937BE}.Release|Any CPU.ActiveCfg = Release|Any CPU
		{87A4A033-BDA2-45A5-9906-513C7B4937BE}.Release|Any CPU.Build.0 = Release|Any CPU
		{0E95F6D4-D805-4C17-8A75-1A426D426F78}.Debug|Any CPU.ActiveCfg = Debug|Any CPU
		{0E95F6D4-D805-4C17-8A75-1A426D426F78}.Debug|Any CPU.Build.0 = Debug|Any CPU
		{0E95F6D4-D805-4C17-8A75-1A426D426F78}.Release|Any CPU.ActiveCfg = Release|Any CPU
		{0E95F6D4-D805-4C17-8A75-1A426D426F78}.Release|Any CPU.Build.0 = Release|Any CPU
	EndGlobalSection
	GlobalSection(SolutionProperties) = preSolution
		HideSolutionNode = FALSE
	EndGlobalSection
	GlobalSection(NestedProjects) = preSolution
		{F69D756C-BA74-49AF-A8E6-F2E7144CB67F} = {910B2712-8E6F-48A5-BA66-66BDC2C749F8}
		{ECF8369D-5606-41AF-82EC-C3A0DA8FA4CB} = {D9E0162A-AEA9-4244-8C70-FE9602958770}
		{A1106323-FF28-4B80-A5DF-E03F1220B305} = {FB3AB120-121B-40AB-A53E-6ED4134E883B}
		{D88F5A64-4F85-4AF4-AA98-0BFFD11ACBA1} = {84329916-E5F0-4D70-80E8-7DC0E8E34346}
		{D5769852-3F84-4C92-BA7A-6BCE7A2FD259} = {63558B21-EC04-4431-8BEA-C349F2FF3CFD}
		{9CC430D6-282D-44CD-956D-E8A413DC4F1F} = {D9E0162A-AEA9-4244-8C70-FE9602958770}
		{87A4A033-BDA2-45A5-9906-513C7B4937BE} = {D9E0162A-AEA9-4244-8C70-FE9602958770}
		{910B2712-8E6F-48A5-BA66-66BDC2C749F8} = {2241B221-97DB-4FD0-BC99-835752483B67}
		{84329916-E5F0-4D70-80E8-7DC0E8E34346} = {2241B221-97DB-4FD0-BC99-835752483B67}
		{FB3AB120-121B-40AB-A53E-6ED4134E883B} = {2241B221-97DB-4FD0-BC99-835752483B67}
		{63558B21-EC04-4431-8BEA-C349F2FF3CFD} = {2241B221-97DB-4FD0-BC99-835752483B67}
		{0E95F6D4-D805-4C17-8A75-1A426D426F78} = {D9E0162A-AEA9-4244-8C70-FE9602958770}
	EndGlobalSection
	GlobalSection(ExtensibilityGlobals) = postSolution
		SolutionGuid = {DD2C3579-FB7F-40C9-8EEA-C7091916EF38}
	EndGlobalSection
EndGlobal
